
Microsoft Visual Studio Solution File, Format Version 12.00
# Visual Studio Version 16
VisualStudioVersion = 16.0.31313.79
MinimumVisualStudioVersion = 10.0.40219.1
Project("{FAE04EC0-301F-11D3-BF4B-00C04F79EFBC}") = "KlisingPrvizadatak", "KlisingPrvizadatak\KlisingPrvizadatak.csproj", "{2CD3B88F-B013-47E9-93D5-92E27FFE1CEA}"
EndProject
Global
	GlobalSection(SolutionConfigurationPlatforms) = preSolution
		Debug|Any CPU = Debug|Any CPU
		Release|Any CPU = Release|Any CPU
	EndGlobalSection
	GlobalSection(ProjectConfigurationPlatforms) = postSolution
		{2CD3B88F-B013-47E9-93D5-92E27FFE1CEA}.Debug|Any CPU.ActiveCfg = Debug|Any CPU
		{2CD3B88F-B013-47E9-93D5-92E27FFE1CEA}.Debug|Any CPU.Build.0 = Debug|Any CPU
		{2CD3B88F-B013-47E9-93D5-92E27FFE1CEA}.Release|Any CPU.ActiveCfg = Release|Any CPU
		{2CD3B88F-B013-47E9-93D5-92E27FFE1CEA}.Release|Any CPU.Build.0 = Release|Any CPU
	EndGlobalSection
	GlobalSection(SolutionProperties) = preSolution
		HideSolutionNode = FALSE
	EndGlobalSection
	GlobalSection(ExtensibilityGlobals) = postSolution
		SolutionGuid = {0FE577BC-C2C9-433B-BEBB-3990D43EA3F5}
	EndGlobalSection
EndGlobal
