
Microsoft Visual Studio Solution File, Format Version 12.00
# Visual Studio Version 16
VisualStudioVersion = 16.0.31313.79
MinimumVisualStudioVersion = 10.0.40219.1
Project("{FAE04EC0-301F-11D3-BF4B-00C04F79EFBC}") = "KlisingCetvrtizadatak", "KlisingCetvrtizadatak\KlisingCetvrtizadatak.csproj", "{5EBBA52B-17BA-40DD-A03C-AC5709482017}"
EndProject
Global
	GlobalSection(SolutionConfigurationPlatforms) = preSolution
		Debug|Any CPU = Debug|Any CPU
		Release|Any CPU = Release|Any CPU
	EndGlobalSection
	GlobalSection(ProjectConfigurationPlatforms) = postSolution
		{5EBBA52B-17BA-40DD-A03C-AC5709482017}.Debug|Any CPU.ActiveCfg = Debug|Any CPU
		{5EBBA52B-17BA-40DD-A03C-AC5709482017}.Debug|Any CPU.Build.0 = Debug|Any CPU
		{5EBBA52B-17BA-40DD-A03C-AC5709482017}.Release|Any CPU.ActiveCfg = Release|Any CPU
		{5EBBA52B-17BA-40DD-A03C-AC5709482017}.Release|Any CPU.Build.0 = Release|Any CPU
	EndGlobalSection
	GlobalSection(SolutionProperties) = preSolution
		HideSolutionNode = FALSE
	EndGlobalSection
	GlobalSection(ExtensibilityGlobals) = postSolution
		SolutionGuid = {6EA0198A-0609-4864-B567-6808D30AD273}
	EndGlobalSection
EndGlobal
